
Microsoft Visual Studio Solution File, Format Version 11.00
# Visual Studio 2010
# SharpDevelop 4.4
Project("{FD48973F-F585-4F70-812B-4D0503B36CE9}") = "prog162a", "prog162a\prog162a.pyproj", "{C76E545A-D3AA-4ADB-8DA3-B20BCBD4D232}"
EndProject
Global
	GlobalSection(SolutionConfigurationPlatforms) = preSolution
		Debug|Any CPU = Debug|Any CPU
		Release|Any CPU = Release|Any CPU
	EndGlobalSection
	GlobalSection(ProjectConfigurationPlatforms) = postSolution
		{C76E545A-D3AA-4ADB-8DA3-B20BCBD4D232}.Debug|Any CPU.Build.0 = Debug|Any CPU
		{C76E545A-D3AA-4ADB-8DA3-B20BCBD4D232}.Debug|Any CPU.ActiveCfg = Debug|Any CPU
		{C76E545A-D3AA-4ADB-8DA3-B20BCBD4D232}.Release|Any CPU.Build.0 = Release|Any CPU
		{C76E545A-D3AA-4ADB-8DA3-B20BCBD4D232}.Release|Any CPU.ActiveCfg = Release|Any CPU
	EndGlobalSection
EndGlobal
