
Microsoft Visual Studio Solution File, Format Version 11.00
# Visual Studio 2010
# SharpDevelop 4.4
Project("{FD48973F-F585-4F70-812B-4D0503B36CE9}") = "prog122i", "prog122i\prog122i.pyproj", "{7E289092-7E17-4C9E-B283-075CF0342408}"
EndProject
Global
	GlobalSection(SolutionConfigurationPlatforms) = preSolution
		Debug|Any CPU = Debug|Any CPU
		Release|Any CPU = Release|Any CPU
	EndGlobalSection
	GlobalSection(ProjectConfigurationPlatforms) = postSolution
		{7E289092-7E17-4C9E-B283-075CF0342408}.Debug|Any CPU.Build.0 = Debug|Any CPU
		{7E289092-7E17-4C9E-B283-075CF0342408}.Debug|Any CPU.ActiveCfg = Debug|Any CPU
		{7E289092-7E17-4C9E-B283-075CF0342408}.Release|Any CPU.Build.0 = Release|Any CPU
		{7E289092-7E17-4C9E-B283-075CF0342408}.Release|Any CPU.ActiveCfg = Release|Any CPU
	EndGlobalSection
EndGlobal
