
Microsoft Visual Studio Solution File, Format Version 11.00
# Visual Studio 2010
# SharpDevelop 4.4
Project("{FD48973F-F585-4F70-812B-4D0503B36CE9}") = "test", "test\test.pyproj", "{566E628E-84BF-4191-B3A0-53C3C5305E93}"
EndProject
Global
	GlobalSection(SolutionConfigurationPlatforms) = preSolution
		Debug|Any CPU = Debug|Any CPU
		Release|Any CPU = Release|Any CPU
	EndGlobalSection
	GlobalSection(ProjectConfigurationPlatforms) = postSolution
		{566E628E-84BF-4191-B3A0-53C3C5305E93}.Debug|Any CPU.Build.0 = Debug|Any CPU
		{566E628E-84BF-4191-B3A0-53C3C5305E93}.Debug|Any CPU.ActiveCfg = Debug|Any CPU
		{566E628E-84BF-4191-B3A0-53C3C5305E93}.Release|Any CPU.Build.0 = Release|Any CPU
		{566E628E-84BF-4191-B3A0-53C3C5305E93}.Release|Any CPU.ActiveCfg = Release|Any CPU
	EndGlobalSection
EndGlobal
