
Microsoft Visual Studio Solution File, Format Version 11.00
# Visual Studio 2010
# SharpDevelop 4.4
Project("{FD48973F-F585-4F70-812B-4D0503B36CE9}") = "stadiumseating", "stadiumseating\stadiumseating.pyproj", "{97AA763F-EF33-43D9-A3F4-92E69F2A38C7}"
EndProject
Global
	GlobalSection(SolutionConfigurationPlatforms) = preSolution
		Debug|Any CPU = Debug|Any CPU
		Release|Any CPU = Release|Any CPU
	EndGlobalSection
	GlobalSection(ProjectConfigurationPlatforms) = postSolution
		{97AA763F-EF33-43D9-A3F4-92E69F2A38C7}.Debug|Any CPU.Build.0 = Debug|Any CPU
		{97AA763F-EF33-43D9-A3F4-92E69F2A38C7}.Debug|Any CPU.ActiveCfg = Debug|Any CPU
		{97AA763F-EF33-43D9-A3F4-92E69F2A38C7}.Release|Any CPU.Build.0 = Release|Any CPU
		{97AA763F-EF33-43D9-A3F4-92E69F2A38C7}.Release|Any CPU.ActiveCfg = Release|Any CPU
	EndGlobalSection
EndGlobal
