
Microsoft Visual Studio Solution File, Format Version 11.00
# Visual Studio 2010
# SharpDevelop 4.4
Project("{FD48973F-F585-4F70-812B-4D0503B36CE9}") = "prog54a", "prog54a\prog54a.pyproj", "{D1F6ED6C-DC65-4E3A-A376-81513D0E3012}"
EndProject
Global
	GlobalSection(SolutionConfigurationPlatforms) = preSolution
		Debug|Any CPU = Debug|Any CPU
		Release|Any CPU = Release|Any CPU
	EndGlobalSection
	GlobalSection(ProjectConfigurationPlatforms) = postSolution
		{D1F6ED6C-DC65-4E3A-A376-81513D0E3012}.Debug|Any CPU.Build.0 = Debug|Any CPU
		{D1F6ED6C-DC65-4E3A-A376-81513D0E3012}.Debug|Any CPU.ActiveCfg = Debug|Any CPU
		{D1F6ED6C-DC65-4E3A-A376-81513D0E3012}.Release|Any CPU.Build.0 = Release|Any CPU
		{D1F6ED6C-DC65-4E3A-A376-81513D0E3012}.Release|Any CPU.ActiveCfg = Release|Any CPU
	EndGlobalSection
EndGlobal
