
Microsoft Visual Studio Solution File, Format Version 11.00
# Visual Studio 2010
# SharpDevelop 4.4
Project("{FD48973F-F585-4F70-812B-4D0503B36CE9}") = "pg140simplecalc", "pg140simplecalc.pyproj", "{A90CEE3D-7974-410F-863C-D3B4BC757DDA}"
EndProject
Global
	GlobalSection(SolutionConfigurationPlatforms) = preSolution
		Debug|Any CPU = Debug|Any CPU
		Release|Any CPU = Release|Any CPU
	EndGlobalSection
	GlobalSection(ProjectConfigurationPlatforms) = postSolution
		{A90CEE3D-7974-410F-863C-D3B4BC757DDA}.Debug|Any CPU.Build.0 = Debug|Any CPU
		{A90CEE3D-7974-410F-863C-D3B4BC757DDA}.Debug|Any CPU.ActiveCfg = Debug|Any CPU
		{A90CEE3D-7974-410F-863C-D3B4BC757DDA}.Release|Any CPU.Build.0 = Release|Any CPU
		{A90CEE3D-7974-410F-863C-D3B4BC757DDA}.Release|Any CPU.ActiveCfg = Release|Any CPU
	EndGlobalSection
EndGlobal
