
Microsoft Visual Studio Solution File, Format Version 11.00
# Visual Studio 2010
# SharpDevelop 4.4
Project("{FD48973F-F585-4F70-812B-4D0503B36CE9}") = "helloworld", "helloworld\helloworld.pyproj", "{3975B7BB-F931-40B7-9A40-AEF658C809F4}"
EndProject
Global
	GlobalSection(SolutionConfigurationPlatforms) = preSolution
		Debug|Any CPU = Debug|Any CPU
		Release|Any CPU = Release|Any CPU
	EndGlobalSection
	GlobalSection(ProjectConfigurationPlatforms) = postSolution
		{3975B7BB-F931-40B7-9A40-AEF658C809F4}.Debug|Any CPU.Build.0 = Debug|Any CPU
		{3975B7BB-F931-40B7-9A40-AEF658C809F4}.Debug|Any CPU.ActiveCfg = Debug|Any CPU
		{3975B7BB-F931-40B7-9A40-AEF658C809F4}.Release|Any CPU.Build.0 = Release|Any CPU
		{3975B7BB-F931-40B7-9A40-AEF658C809F4}.Release|Any CPU.ActiveCfg = Release|Any CPU
	EndGlobalSection
EndGlobal
