
Microsoft Visual Studio Solution File, Format Version 11.00
# Visual Studio 2010
# SharpDevelop 4.4
Project("{FD48973F-F585-4F70-812B-4D0503B36CE9}") = "lang58t", "lang58t\lang58t.pyproj", "{CABAE734-8693-4364-BB64-9EAF47A0C989}"
EndProject
Global
	GlobalSection(SolutionConfigurationPlatforms) = preSolution
		Debug|Any CPU = Debug|Any CPU
		Release|Any CPU = Release|Any CPU
	EndGlobalSection
	GlobalSection(ProjectConfigurationPlatforms) = postSolution
		{CABAE734-8693-4364-BB64-9EAF47A0C989}.Debug|Any CPU.Build.0 = Debug|Any CPU
		{CABAE734-8693-4364-BB64-9EAF47A0C989}.Debug|Any CPU.ActiveCfg = Debug|Any CPU
		{CABAE734-8693-4364-BB64-9EAF47A0C989}.Release|Any CPU.Build.0 = Release|Any CPU
		{CABAE734-8693-4364-BB64-9EAF47A0C989}.Release|Any CPU.ActiveCfg = Release|Any CPU
	EndGlobalSection
EndGlobal
