
Microsoft Visual Studio Solution File, Format Version 11.00
# Visual Studio 2010
# SharpDevelop 4.4
Project("{FD48973F-F585-4F70-812B-4D0503B36CE9}") = "FavoriteClub", "FavoriteClub\FavoriteClub.pyproj", "{DB9C4984-30AE-4C7C-8F9C-02764E5AA5D5}"
EndProject
Global
	GlobalSection(SolutionConfigurationPlatforms) = preSolution
		Debug|Any CPU = Debug|Any CPU
		Release|Any CPU = Release|Any CPU
	EndGlobalSection
	GlobalSection(ProjectConfigurationPlatforms) = postSolution
		{DB9C4984-30AE-4C7C-8F9C-02764E5AA5D5}.Debug|Any CPU.Build.0 = Debug|Any CPU
		{DB9C4984-30AE-4C7C-8F9C-02764E5AA5D5}.Debug|Any CPU.ActiveCfg = Debug|Any CPU
		{DB9C4984-30AE-4C7C-8F9C-02764E5AA5D5}.Release|Any CPU.Build.0 = Release|Any CPU
		{DB9C4984-30AE-4C7C-8F9C-02764E5AA5D5}.Release|Any CPU.ActiveCfg = Release|Any CPU
	EndGlobalSection
EndGlobal
