
Microsoft Visual Studio Solution File, Format Version 11.00
# Visual Studio 2010
# SharpDevelop 4.4
Project("{FD48973F-F585-4F70-812B-4D0503B36CE9}") = "lang93a", "lang93a\lang93a.pyproj", "{30A30BA7-26EE-4AB4-A6A1-627B20423936}"
EndProject
Global
	GlobalSection(SolutionConfigurationPlatforms) = preSolution
		Debug|Any CPU = Debug|Any CPU
		Release|Any CPU = Release|Any CPU
	EndGlobalSection
	GlobalSection(ProjectConfigurationPlatforms) = postSolution
		{30A30BA7-26EE-4AB4-A6A1-627B20423936}.Debug|Any CPU.Build.0 = Debug|Any CPU
		{30A30BA7-26EE-4AB4-A6A1-627B20423936}.Debug|Any CPU.ActiveCfg = Debug|Any CPU
		{30A30BA7-26EE-4AB4-A6A1-627B20423936}.Release|Any CPU.Build.0 = Release|Any CPU
		{30A30BA7-26EE-4AB4-A6A1-627B20423936}.Release|Any CPU.ActiveCfg = Release|Any CPU
	EndGlobalSection
EndGlobal
