
Microsoft Visual Studio Solution File, Format Version 11.00
# Visual Studio 2010
# SharpDevelop 4.4
Project("{FD48973F-F585-4F70-812B-4D0503B36CE9}") = "salarycalc", "salarycalc\salarycalc.pyproj", "{473FC796-FD4B-408E-B5CC-42271E25161C}"
EndProject
Global
	GlobalSection(SolutionConfigurationPlatforms) = preSolution
		Debug|Any CPU = Debug|Any CPU
		Release|Any CPU = Release|Any CPU
	EndGlobalSection
	GlobalSection(ProjectConfigurationPlatforms) = postSolution
		{473FC796-FD4B-408E-B5CC-42271E25161C}.Debug|Any CPU.Build.0 = Debug|Any CPU
		{473FC796-FD4B-408E-B5CC-42271E25161C}.Debug|Any CPU.ActiveCfg = Debug|Any CPU
		{473FC796-FD4B-408E-B5CC-42271E25161C}.Release|Any CPU.Build.0 = Release|Any CPU
		{473FC796-FD4B-408E-B5CC-42271E25161C}.Release|Any CPU.ActiveCfg = Release|Any CPU
	EndGlobalSection
EndGlobal
