
Microsoft Visual Studio Solution File, Format Version 11.00
# Visual Studio 2010
# SharpDevelop 4.4
Project("{FD48973F-F585-4F70-812B-4D0503B36CE9}") = "lang54c", "lang54c\lang54c.pyproj", "{B8029182-A3B7-483D-BC61-F6857250E259}"
EndProject
Global
	GlobalSection(SolutionConfigurationPlatforms) = preSolution
		Debug|Any CPU = Debug|Any CPU
		Release|Any CPU = Release|Any CPU
	EndGlobalSection
	GlobalSection(ProjectConfigurationPlatforms) = postSolution
		{B8029182-A3B7-483D-BC61-F6857250E259}.Debug|Any CPU.Build.0 = Debug|Any CPU
		{B8029182-A3B7-483D-BC61-F6857250E259}.Debug|Any CPU.ActiveCfg = Debug|Any CPU
		{B8029182-A3B7-483D-BC61-F6857250E259}.Release|Any CPU.Build.0 = Release|Any CPU
		{B8029182-A3B7-483D-BC61-F6857250E259}.Release|Any CPU.ActiveCfg = Release|Any CPU
	EndGlobalSection
EndGlobal
