
Microsoft Visual Studio Solution File, Format Version 11.00
# Visual Studio 2010
# SharpDevelop 4.4
Project("{FD48973F-F585-4F70-812B-4D0503B36CE9}") = "prog122b", "prog122b\prog122b.pyproj", "{20D65DD1-94BC-485B-9D32-F9AE6C69D94D}"
EndProject
Global
	GlobalSection(SolutionConfigurationPlatforms) = preSolution
		Debug|Any CPU = Debug|Any CPU
		Release|Any CPU = Release|Any CPU
	EndGlobalSection
	GlobalSection(ProjectConfigurationPlatforms) = postSolution
		{20D65DD1-94BC-485B-9D32-F9AE6C69D94D}.Debug|Any CPU.Build.0 = Debug|Any CPU
		{20D65DD1-94BC-485B-9D32-F9AE6C69D94D}.Debug|Any CPU.ActiveCfg = Debug|Any CPU
		{20D65DD1-94BC-485B-9D32-F9AE6C69D94D}.Release|Any CPU.Build.0 = Release|Any CPU
		{20D65DD1-94BC-485B-9D32-F9AE6C69D94D}.Release|Any CPU.ActiveCfg = Release|Any CPU
	EndGlobalSection
EndGlobal
