
Microsoft Visual Studio Solution File, Format Version 11.00
# Visual Studio 2010
# SharpDevelop 4.4
Project("{FD48973F-F585-4F70-812B-4D0503B36CE9}") = "MYNAME", "MYNAME\MYNAME.pyproj", "{DAC41DDC-76C8-4ADE-AF27-4766A4B77AAA}"
EndProject
Global
	GlobalSection(SolutionConfigurationPlatforms) = preSolution
		Debug|Any CPU = Debug|Any CPU
		Release|Any CPU = Release|Any CPU
	EndGlobalSection
	GlobalSection(ProjectConfigurationPlatforms) = postSolution
		{DAC41DDC-76C8-4ADE-AF27-4766A4B77AAA}.Debug|Any CPU.Build.0 = Debug|Any CPU
		{DAC41DDC-76C8-4ADE-AF27-4766A4B77AAA}.Debug|Any CPU.ActiveCfg = Debug|Any CPU
		{DAC41DDC-76C8-4ADE-AF27-4766A4B77AAA}.Release|Any CPU.Build.0 = Release|Any CPU
		{DAC41DDC-76C8-4ADE-AF27-4766A4B77AAA}.Release|Any CPU.ActiveCfg = Release|Any CPU
	EndGlobalSection
EndGlobal
