
Microsoft Visual Studio Solution File, Format Version 11.00
# Visual Studio 2010
# SharpDevelop 4.4
Project("{FD48973F-F585-4F70-812B-4D0503B36CE9}") = "lang54cGUI", "lang54cGUI\lang54cGUI.pyproj", "{3C95CC7E-69D5-44AF-8ABD-124D4D267DDC}"
EndProject
Global
	GlobalSection(SolutionConfigurationPlatforms) = preSolution
		Debug|Any CPU = Debug|Any CPU
		Release|Any CPU = Release|Any CPU
	EndGlobalSection
	GlobalSection(ProjectConfigurationPlatforms) = postSolution
		{3C95CC7E-69D5-44AF-8ABD-124D4D267DDC}.Debug|Any CPU.Build.0 = Debug|Any CPU
		{3C95CC7E-69D5-44AF-8ABD-124D4D267DDC}.Debug|Any CPU.ActiveCfg = Debug|Any CPU
		{3C95CC7E-69D5-44AF-8ABD-124D4D267DDC}.Release|Any CPU.Build.0 = Release|Any CPU
		{3C95CC7E-69D5-44AF-8ABD-124D4D267DDC}.Release|Any CPU.ActiveCfg = Release|Any CPU
	EndGlobalSection
EndGlobal
